// !$*UTF8*$!
{
	archiveVersion = 1;
	classes = {
	};
	objectVersion = 50;
	objects = {

/* Begin PBXBuildFile section */
		5158FDEFF16E9842C55F5999 /* Pods_Gameday_V2UITests.framework in Frameworks */ = {isa = PBXBuildFile; fileRef = C4C0A4AF6AB21BAEB4C7D0BF /* Pods_Gameday_V2UITests.framework */; };
		65136BC920785AE4008D3011 /* FansTableViewController.swift in Sources */ = {isa = PBXBuildFile; fileRef = 65136BC820785AE4008D3011 /* FansTableViewController.swift */; };
		654632322070834C00C9C763 /* CreateGameViewController.swift in Sources */ = {isa = PBXBuildFile; fileRef = 654632312070834C00C9C763 /* CreateGameViewController.swift */; };
		654632352070897700C9C763 /* SearchTextField.swift in Sources */ = {isa = PBXBuildFile; fileRef = 654632342070897700C9C763 /* SearchTextField.swift */; };
		654632372070898900C9C763 /* SportsGame.swift in Sources */ = {isa = PBXBuildFile; fileRef = 654632362070898900C9C763 /* SportsGame.swift */; };
		656FF12A20706C6F00D5831D /* AppDelegate.swift in Sources */ = {isa = PBXBuildFile; fileRef = 656FF12920706C6F00D5831D /* AppDelegate.swift */; };
		656FF12C20706C6F00D5831D /* HomeViewController.swift in Sources */ = {isa = PBXBuildFile; fileRef = 656FF12B20706C6F00D5831D /* HomeViewController.swift */; };
		656FF12F20706C6F00D5831D /* Main.storyboard in Resources */ = {isa = PBXBuildFile; fileRef = 656FF12D20706C6F00D5831D /* Main.storyboard */; };
		656FF13120706C7000D5831D /* Assets.xcassets in Resources */ = {isa = PBXBuildFile; fileRef = 656FF13020706C7000D5831D /* Assets.xcassets */; };
		656FF13420706C7000D5831D /* LaunchScreen.storyboard in Resources */ = {isa = PBXBuildFile; fileRef = 656FF13220706C7000D5831D /* LaunchScreen.storyboard */; };
		656FF13F20706C7000D5831D /* Gameday_V2Tests.swift in Sources */ = {isa = PBXBuildFile; fileRef = 656FF13E20706C7000D5831D /* Gameday_V2Tests.swift */; };
		656FF14A20706C7000D5831D /* Gameday_V2UITests.swift in Sources */ = {isa = PBXBuildFile; fileRef = 656FF14920706C7000D5831D /* Gameday_V2UITests.swift */; };
		6579EFFB20727B7900D98D85 /* ImageService.swift in Sources */ = {isa = PBXBuildFile; fileRef = 6579EFFA20727B7900D98D85 /* ImageService.swift */; };
		65A57B1D20715DD800E2F8C1 /* Checkbox.swift in Sources */ = {isa = PBXBuildFile; fileRef = 65A57B1C20715DD800E2F8C1 /* Checkbox.swift */; };
		65A57B1F2071667A00E2F8C1 /* GameTableViewCell.swift in Sources */ = {isa = PBXBuildFile; fileRef = 65A57B1E2071667A00E2F8C1 /* GameTableViewCell.swift */; };
		65A57B21207179C100E2F8C1 /* GoogleService-Info.plist in Resources */ = {isa = PBXBuildFile; fileRef = 65A57B20207179C100E2F8C1 /* GoogleService-Info.plist */; };
		65A57B2320717D0300E2F8C1 /* SignUpViewController.swift in Sources */ = {isa = PBXBuildFile; fileRef = 65A57B2220717D0300E2F8C1 /* SignUpViewController.swift */; };
		65A57B25207187C100E2F8C1 /* AccountViewController.swift in Sources */ = {isa = PBXBuildFile; fileRef = 65A57B24207187C100E2F8C1 /* AccountViewController.swift */; };
		65B178902071B77300B35549 /* UserProfile.swift in Sources */ = {isa = PBXBuildFile; fileRef = 65B1788F2071B77300B35549 /* UserProfile.swift */; };
		65B178922071B7C400B35549 /* UserService.swift in Sources */ = {isa = PBXBuildFile; fileRef = 65B178912071B7C400B35549 /* UserService.swift */; };
		65B178942071DD0E00B35549 /* DetailsViewController.swift in Sources */ = {isa = PBXBuildFile; fileRef = 65B178932071DD0E00B35549 /* DetailsViewController.swift */; };
		65C86908207959DF006F62D8 /* MainTabBarViewController.swift in Sources */ = {isa = PBXBuildFile; fileRef = 65C86907207959DF006F62D8 /* MainTabBarViewController.swift */; };
		65E2390E20710AB9004A5FFE /* SignInOptionsViewController.swift in Sources */ = {isa = PBXBuildFile; fileRef = 65E2390D20710AB9004A5FFE /* SignInOptionsViewController.swift */; };
		65E2391020715021004A5FFE /* DateUtil.swift in Sources */ = {isa = PBXBuildFile; fileRef = 65E2390F20715021004A5FFE /* DateUtil.swift */; };
		712565B5207A12350068AF02 /* CalendarView.xib in Resources */ = {isa = PBXBuildFile; fileRef = 712565B4207A12350068AF02 /* CalendarView.xib */; };
		712565B8207A12480068AF02 /* CalendarCell.xib in Resources */ = {isa = PBXBuildFile; fileRef = 712565B7207A12480068AF02 /* CalendarCell.xib */; };
		712565BB207A12760068AF02 /* CalendarView.swift in Sources */ = {isa = PBXBuildFile; fileRef = 712565BA207A12760068AF02 /* CalendarView.swift */; };
		712565BD207A12DE0068AF02 /* CalendarCell.swift in Sources */ = {isa = PBXBuildFile; fileRef = 712565BC207A12DE0068AF02 /* CalendarCell.swift */; };
		714C8559207485320083FDAC /* UserModel.swift in Sources */ = {isa = PBXBuildFile; fileRef = 714C8558207485320083FDAC /* UserModel.swift */; };
		714C855B207485A80083FDAC /* FirebaseHelper.swift in Sources */ = {isa = PBXBuildFile; fileRef = 714C855A207485A80083FDAC /* FirebaseHelper.swift */; };
		714C855D20748F7D0083FDAC /* GamePostModel.swift in Sources */ = {isa = PBXBuildFile; fileRef = 714C855C20748F7D0083FDAC /* GamePostModel.swift */; };
		714C855F207494690083FDAC /* TeamModel.swift in Sources */ = {isa = PBXBuildFile; fileRef = 714C855E207494690083FDAC /* TeamModel.swift */; };
		71F51DF120747FEF00F35FAA /* RxFirestore.swift in Sources */ = {isa = PBXBuildFile; fileRef = 71F51DF020747FEF00F35FAA /* RxFirestore.swift */; };
		71F51DF32074801C00F35FAA /* Extensions.swift in Sources */ = {isa = PBXBuildFile; fileRef = 71F51DF22074801C00F35FAA /* Extensions.swift */; };
		7EDBA956ABFFCA0374EB765F /* Pods_Gameday_V2Tests.framework in Frameworks */ = {isa = PBXBuildFile; fileRef = 1A1BD5489890FB3EB16330B8 /* Pods_Gameday_V2Tests.framework */; };
		963C45F0A9F84D23891306E3 /* Pods_Gameday_V2.framework in Frameworks */ = {isa = PBXBuildFile; fileRef = 425A9CAC8DD9D9047D4C66FE /* Pods_Gameday_V2.framework */; };
/* End PBXBuildFile section */

/* Begin PBXContainerItemProxy section */
		656FF13B20706C7000D5831D /* PBXContainerItemProxy */ = {
			isa = PBXContainerItemProxy;
			containerPortal = 656FF11E20706C6F00D5831D /* Project object */;
			proxyType = 1;
			remoteGlobalIDString = 656FF12520706C6F00D5831D;
			remoteInfo = "Gameday-V2";
		};
		656FF14620706C7000D5831D /* PBXContainerItemProxy */ = {
			isa = PBXContainerItemProxy;
			containerPortal = 656FF11E20706C6F00D5831D /* Project object */;
			proxyType = 1;
			remoteGlobalIDString = 656FF12520706C6F00D5831D;
			remoteInfo = "Gameday-V2";
		};
/* End PBXContainerItemProxy section */

/* Begin PBXFileReference section */
		041155903AAE88983025195D /* Pods-Gameday-V2Tests.release.xcconfig */ = {isa = PBXFileReference; includeInIndex = 1; lastKnownFileType = text.xcconfig; name = "Pods-Gameday-V2Tests.release.xcconfig"; path = "Pods/Target Support Files/Pods-Gameday-V2Tests/Pods-Gameday-V2Tests.release.xcconfig"; sourceTree = "<group>"; };
		1A1BD5489890FB3EB16330B8 /* Pods_Gameday_V2Tests.framework */ = {isa = PBXFileReference; explicitFileType = wrapper.framework; includeInIndex = 0; path = Pods_Gameday_V2Tests.framework; sourceTree = BUILT_PRODUCTS_DIR; };
		425A9CAC8DD9D9047D4C66FE /* Pods_Gameday_V2.framework */ = {isa = PBXFileReference; explicitFileType = wrapper.framework; includeInIndex = 0; path = Pods_Gameday_V2.framework; sourceTree = BUILT_PRODUCTS_DIR; };
		59A4FAEF016A4F2EFE4760EA /* Pods-Gameday-V2.debug.xcconfig */ = {isa = PBXFileReference; includeInIndex = 1; lastKnownFileType = text.xcconfig; name = "Pods-Gameday-V2.debug.xcconfig"; path = "Pods/Target Support Files/Pods-Gameday-V2/Pods-Gameday-V2.debug.xcconfig"; sourceTree = "<group>"; };
		65136BC820785AE4008D3011 /* FansTableViewController.swift */ = {isa = PBXFileReference; lastKnownFileType = sourcecode.swift; path = FansTableViewController.swift; sourceTree = "<group>"; };
		654632312070834C00C9C763 /* CreateGameViewController.swift */ = {isa = PBXFileReference; lastKnownFileType = sourcecode.swift; path = CreateGameViewController.swift; sourceTree = "<group>"; };
		654632342070897700C9C763 /* SearchTextField.swift */ = {isa = PBXFileReference; lastKnownFileType = sourcecode.swift; path = SearchTextField.swift; sourceTree = "<group>"; };
		654632362070898900C9C763 /* SportsGame.swift */ = {isa = PBXFileReference; lastKnownFileType = sourcecode.swift; path = SportsGame.swift; sourceTree = "<group>"; };
		656FF12620706C6F00D5831D /* Gameday-V2.app */ = {isa = PBXFileReference; explicitFileType = wrapper.application; includeInIndex = 0; path = "Gameday-V2.app"; sourceTree = BUILT_PRODUCTS_DIR; };
		656FF12920706C6F00D5831D /* AppDelegate.swift */ = {isa = PBXFileReference; lastKnownFileType = sourcecode.swift; path = AppDelegate.swift; sourceTree = "<group>"; };
		656FF12B20706C6F00D5831D /* HomeViewController.swift */ = {isa = PBXFileReference; lastKnownFileType = sourcecode.swift; path = HomeViewController.swift; sourceTree = "<group>"; };
		656FF12E20706C6F00D5831D /* Base */ = {isa = PBXFileReference; lastKnownFileType = file.storyboard; name = Base; path = Base.lproj/Main.storyboard; sourceTree = "<group>"; };
		656FF13020706C7000D5831D /* Assets.xcassets */ = {isa = PBXFileReference; lastKnownFileType = folder.assetcatalog; path = Assets.xcassets; sourceTree = "<group>"; };
		656FF13320706C7000D5831D /* Base */ = {isa = PBXFileReference; lastKnownFileType = file.storyboard; name = Base; path = Base.lproj/LaunchScreen.storyboard; sourceTree = "<group>"; };
		656FF13520706C7000D5831D /* Info.plist */ = {isa = PBXFileReference; lastKnownFileType = text.plist.xml; path = Info.plist; sourceTree = "<group>"; };
		656FF13A20706C7000D5831D /* Gameday-V2Tests.xctest */ = {isa = PBXFileReference; explicitFileType = wrapper.cfbundle; includeInIndex = 0; path = "Gameday-V2Tests.xctest"; sourceTree = BUILT_PRODUCTS_DIR; };
		656FF13E20706C7000D5831D /* Gameday_V2Tests.swift */ = {isa = PBXFileReference; lastKnownFileType = sourcecode.swift; path = Gameday_V2Tests.swift; sourceTree = "<group>"; };
		656FF14020706C7000D5831D /* Info.plist */ = {isa = PBXFileReference; lastKnownFileType = text.plist.xml; path = Info.plist; sourceTree = "<group>"; };
		656FF14520706C7000D5831D /* Gameday-V2UITests.xctest */ = {isa = PBXFileReference; explicitFileType = wrapper.cfbundle; includeInIndex = 0; path = "Gameday-V2UITests.xctest"; sourceTree = BUILT_PRODUCTS_DIR; };
		656FF14920706C7000D5831D /* Gameday_V2UITests.swift */ = {isa = PBXFileReference; lastKnownFileType = sourcecode.swift; path = Gameday_V2UITests.swift; sourceTree = "<group>"; };
		656FF14B20706C7000D5831D /* Info.plist */ = {isa = PBXFileReference; lastKnownFileType = text.plist.xml; path = Info.plist; sourceTree = "<group>"; };
		6579EFFA20727B7900D98D85 /* ImageService.swift */ = {isa = PBXFileReference; lastKnownFileType = sourcecode.swift; path = ImageService.swift; sourceTree = "<group>"; };
		65A57B1C20715DD800E2F8C1 /* Checkbox.swift */ = {isa = PBXFileReference; lastKnownFileType = sourcecode.swift; path = Checkbox.swift; sourceTree = "<group>"; };
		65A57B1E2071667A00E2F8C1 /* GameTableViewCell.swift */ = {isa = PBXFileReference; lastKnownFileType = sourcecode.swift; path = GameTableViewCell.swift; sourceTree = "<group>"; };
		65A57B20207179C100E2F8C1 /* GoogleService-Info.plist */ = {isa = PBXFileReference; fileEncoding = 4; lastKnownFileType = text.plist.xml; path = "GoogleService-Info.plist"; sourceTree = "<group>"; };
		65A57B2220717D0300E2F8C1 /* SignUpViewController.swift */ = {isa = PBXFileReference; lastKnownFileType = sourcecode.swift; path = SignUpViewController.swift; sourceTree = "<group>"; };
		65A57B24207187C100E2F8C1 /* AccountViewController.swift */ = {isa = PBXFileReference; lastKnownFileType = sourcecode.swift; path = AccountViewController.swift; sourceTree = "<group>"; };
		65B1788F2071B77300B35549 /* UserProfile.swift */ = {isa = PBXFileReference; lastKnownFileType = sourcecode.swift; path = UserProfile.swift; sourceTree = "<group>"; };
		65B178912071B7C400B35549 /* UserService.swift */ = {isa = PBXFileReference; lastKnownFileType = sourcecode.swift; path = UserService.swift; sourceTree = "<group>"; };
		65B178932071DD0E00B35549 /* DetailsViewController.swift */ = {isa = PBXFileReference; lastKnownFileType = sourcecode.swift; path = DetailsViewController.swift; sourceTree = "<group>"; };
		65C86907207959DF006F62D8 /* MainTabBarViewController.swift */ = {isa = PBXFileReference; lastKnownFileType = sourcecode.swift; path = MainTabBarViewController.swift; sourceTree = "<group>"; };
		65E2390D20710AB9004A5FFE /* SignInOptionsViewController.swift */ = {isa = PBXFileReference; lastKnownFileType = sourcecode.swift; path = SignInOptionsViewController.swift; sourceTree = "<group>"; };
		65E2390F20715021004A5FFE /* DateUtil.swift */ = {isa = PBXFileReference; lastKnownFileType = sourcecode.swift; path = DateUtil.swift; sourceTree = "<group>"; };
		712565B4207A12350068AF02 /* CalendarView.xib */ = {isa = PBXFileReference; fileEncoding = 4; lastKnownFileType = file.xib; path = CalendarView.xib; sourceTree = "<group>"; };
		712565B7207A12480068AF02 /* CalendarCell.xib */ = {isa = PBXFileReference; fileEncoding = 4; lastKnownFileType = file.xib; path = CalendarCell.xib; sourceTree = "<group>"; };
		712565BA207A12760068AF02 /* CalendarView.swift */ = {isa = PBXFileReference; lastKnownFileType = sourcecode.swift; path = CalendarView.swift; sourceTree = "<group>"; };
		712565BC207A12DE0068AF02 /* CalendarCell.swift */ = {isa = PBXFileReference; lastKnownFileType = sourcecode.swift; path = CalendarCell.swift; sourceTree = "<group>"; };
		714C8558207485320083FDAC /* UserModel.swift */ = {isa = PBXFileReference; fileEncoding = 4; lastKnownFileType = sourcecode.swift; path = UserModel.swift; sourceTree = "<group>"; };
		714C855A207485A80083FDAC /* FirebaseHelper.swift */ = {isa = PBXFileReference; fileEncoding = 4; lastKnownFileType = sourcecode.swift; path = FirebaseHelper.swift; sourceTree = "<group>"; };
		714C855C20748F7D0083FDAC /* GamePostModel.swift */ = {isa = PBXFileReference; lastKnownFileType = sourcecode.swift; path = GamePostModel.swift; sourceTree = "<group>"; };
		714C855E207494690083FDAC /* TeamModel.swift */ = {isa = PBXFileReference; lastKnownFileType = sourcecode.swift; path = TeamModel.swift; sourceTree = "<group>"; };
		71F51DF020747FEF00F35FAA /* RxFirestore.swift */ = {isa = PBXFileReference; lastKnownFileType = sourcecode.swift; path = RxFirestore.swift; sourceTree = "<group>"; };
		71F51DF22074801C00F35FAA /* Extensions.swift */ = {isa = PBXFileReference; fileEncoding = 4; lastKnownFileType = sourcecode.swift; path = Extensions.swift; sourceTree = "<group>"; };
		7F1D1D1E60947701FB205E1A /* Pods-Gameday-V2UITests.release.xcconfig */ = {isa = PBXFileReference; includeInIndex = 1; lastKnownFileType = text.xcconfig; name = "Pods-Gameday-V2UITests.release.xcconfig"; path = "Pods/Target Support Files/Pods-Gameday-V2UITests/Pods-Gameday-V2UITests.release.xcconfig"; sourceTree = "<group>"; };
		9EB319C79EB84D7D349E9898 /* Pods-Gameday-V2.release.xcconfig */ = {isa = PBXFileReference; includeInIndex = 1; lastKnownFileType = text.xcconfig; name = "Pods-Gameday-V2.release.xcconfig"; path = "Pods/Target Support Files/Pods-Gameday-V2/Pods-Gameday-V2.release.xcconfig"; sourceTree = "<group>"; };
		C4C0A4AF6AB21BAEB4C7D0BF /* Pods_Gameday_V2UITests.framework */ = {isa = PBXFileReference; explicitFileType = wrapper.framework; includeInIndex = 0; path = Pods_Gameday_V2UITests.framework; sourceTree = BUILT_PRODUCTS_DIR; };
		CB2732358B6805BF1FCB4306 /* Pods-Gameday-V2Tests.debug.xcconfig */ = {isa = PBXFileReference; includeInIndex = 1; lastKnownFileType = text.xcconfig; name = "Pods-Gameday-V2Tests.debug.xcconfig"; path = "Pods/Target Support Files/Pods-Gameday-V2Tests/Pods-Gameday-V2Tests.debug.xcconfig"; sourceTree = "<group>"; };
		CD8248C263E5720D903E7795 /* Pods-Gameday-V2UITests.debug.xcconfig */ = {isa = PBXFileReference; includeInIndex = 1; lastKnownFileType = text.xcconfig; name = "Pods-Gameday-V2UITests.debug.xcconfig"; path = "Pods/Target Support Files/Pods-Gameday-V2UITests/Pods-Gameday-V2UITests.debug.xcconfig"; sourceTree = "<group>"; };
/* End PBXFileReference section */

/* Begin PBXFrameworksBuildPhase section */
		656FF12320706C6F00D5831D /* Frameworks */ = {
			isa = PBXFrameworksBuildPhase;
			buildActionMask = 2147483647;
			files = (
				963C45F0A9F84D23891306E3 /* Pods_Gameday_V2.framework in Frameworks */,
			);
			runOnlyForDeploymentPostprocessing = 0;
		};
		656FF13720706C7000D5831D /* Frameworks */ = {
			isa = PBXFrameworksBuildPhase;
			buildActionMask = 2147483647;
			files = (
				7EDBA956ABFFCA0374EB765F /* Pods_Gameday_V2Tests.framework in Frameworks */,
			);
			runOnlyForDeploymentPostprocessing = 0;
		};
		656FF14220706C7000D5831D /* Frameworks */ = {
			isa = PBXFrameworksBuildPhase;
			buildActionMask = 2147483647;
			files = (
				5158FDEFF16E9842C55F5999 /* Pods_Gameday_V2UITests.framework in Frameworks */,
			);
			runOnlyForDeploymentPostprocessing = 0;
		};
/* End PBXFrameworksBuildPhase section */

/* Begin PBXGroup section */
		32985BC800EAB1F19093F3FD /* Frameworks */ = {
			isa = PBXGroup;
			children = (
				425A9CAC8DD9D9047D4C66FE /* Pods_Gameday_V2.framework */,
				1A1BD5489890FB3EB16330B8 /* Pods_Gameday_V2Tests.framework */,
				C4C0A4AF6AB21BAEB4C7D0BF /* Pods_Gameday_V2UITests.framework */,
			);
			name = Frameworks;
			sourceTree = "<group>";
		};
		654632332070895600C9C763 /* Util */ = {
			isa = PBXGroup;
			children = (
				654632342070897700C9C763 /* SearchTextField.swift */,
				65E2390F20715021004A5FFE /* DateUtil.swift */,
				65A57B1C20715DD800E2F8C1 /* Checkbox.swift */,
				65B178912071B7C400B35549 /* UserService.swift */,
				6579EFFA20727B7900D98D85 /* ImageService.swift */,
			);
			path = Util;
			sourceTree = "<group>";
		};
		656FF11D20706C6F00D5831D = {
			isa = PBXGroup;
			children = (
				656FF12820706C6F00D5831D /* Gameday-V2 */,
				656FF13D20706C7000D5831D /* Gameday-V2Tests */,
				656FF14820706C7000D5831D /* Gameday-V2UITests */,
				656FF12720706C6F00D5831D /* Products */,
				ADB166C9F10C1D95B28917E9 /* Pods */,
				32985BC800EAB1F19093F3FD /* Frameworks */,
			);
			sourceTree = "<group>";
		};
		656FF12720706C6F00D5831D /* Products */ = {
			isa = PBXGroup;
			children = (
				656FF12620706C6F00D5831D /* Gameday-V2.app */,
				656FF13A20706C7000D5831D /* Gameday-V2Tests.xctest */,
				656FF14520706C7000D5831D /* Gameday-V2UITests.xctest */,
			);
			name = Products;
			sourceTree = "<group>";
		};
		656FF12820706C6F00D5831D /* Gameday-V2 */ = {
			isa = PBXGroup;
			children = (
				71F51DEF20747FC200F35FAA /* Helpers */,
				654632332070895600C9C763 /* Util */,
				656FF157207070F100D5831D /* Models */,
				656FF1582070715100D5831D /* Views */,
				656FF1592070715800D5831D /* Controllers */,
				656FF15A2070715D00D5831D /* Supporting Files */,
				656FF13520706C7000D5831D /* Info.plist */,
				65A57B20207179C100E2F8C1 /* GoogleService-Info.plist */,
			);
			path = "Gameday-V2";
			sourceTree = "<group>";
		};
		656FF13D20706C7000D5831D /* Gameday-V2Tests */ = {
			isa = PBXGroup;
			children = (
				656FF13E20706C7000D5831D /* Gameday_V2Tests.swift */,
				656FF14020706C7000D5831D /* Info.plist */,
			);
			path = "Gameday-V2Tests";
			sourceTree = "<group>";
		};
		656FF14820706C7000D5831D /* Gameday-V2UITests */ = {
			isa = PBXGroup;
			children = (
				656FF14920706C7000D5831D /* Gameday_V2UITests.swift */,
				656FF14B20706C7000D5831D /* Info.plist */,
			);
			path = "Gameday-V2UITests";
			sourceTree = "<group>";
		};
		656FF157207070F100D5831D /* Models */ = {
			isa = PBXGroup;
			children = (
				654632362070898900C9C763 /* SportsGame.swift */,
				65B1788F2071B77300B35549 /* UserProfile.swift */,
				714C8558207485320083FDAC /* UserModel.swift */,
				714C855C20748F7D0083FDAC /* GamePostModel.swift */,
				714C855E207494690083FDAC /* TeamModel.swift */,
			);
			path = Models;
			sourceTree = "<group>";
		};
		656FF1582070715100D5831D /* Views */ = {
			isa = PBXGroup;
			children = (
				712565B6207A123A0068AF02 /* XIBs */,
				656FF12D20706C6F00D5831D /* Main.storyboard */,
				656FF13220706C7000D5831D /* LaunchScreen.storyboard */,
			);
			path = Views;
			sourceTree = "<group>";
		};
		656FF1592070715800D5831D /* Controllers */ = {
			isa = PBXGroup;
			children = (
				712565B9207A12500068AF02 /* Calendar */,
				65C86907207959DF006F62D8 /* MainTabBarViewController.swift */,
				65E2390D20710AB9004A5FFE /* SignInOptionsViewController.swift */,
				65A57B2220717D0300E2F8C1 /* SignUpViewController.swift */,
				656FF12B20706C6F00D5831D /* HomeViewController.swift */,
				65A57B1E2071667A00E2F8C1 /* GameTableViewCell.swift */,
				654632312070834C00C9C763 /* CreateGameViewController.swift */,
				65B178932071DD0E00B35549 /* DetailsViewController.swift */,
				65A57B24207187C100E2F8C1 /* AccountViewController.swift */,
				65136BC820785AE4008D3011 /* FansTableViewController.swift */,
			);
			path = Controllers;
			sourceTree = "<group>";
		};
		656FF15A2070715D00D5831D /* Supporting Files */ = {
			isa = PBXGroup;
			children = (
				656FF12920706C6F00D5831D /* AppDelegate.swift */,
				656FF13020706C7000D5831D /* Assets.xcassets */,
			);
			path = "Supporting Files";
			sourceTree = "<group>";
		};
		712565B6207A123A0068AF02 /* XIBs */ = {
			isa = PBXGroup;
			children = (
				712565B4207A12350068AF02 /* CalendarView.xib */,
				712565B7207A12480068AF02 /* CalendarCell.xib */,
			);
			path = XIBs;
			sourceTree = "<group>";
		};
		712565B9207A12500068AF02 /* Calendar */ = {
			isa = PBXGroup;
			children = (
				712565BA207A12760068AF02 /* CalendarView.swift */,
				712565BC207A12DE0068AF02 /* CalendarCell.swift */,
			);
			path = Calendar;
			sourceTree = "<group>";
		};
		71F51DEF20747FC200F35FAA /* Helpers */ = {
			isa = PBXGroup;
			children = (
				71F51DF020747FEF00F35FAA /* RxFirestore.swift */,
				71F51DF22074801C00F35FAA /* Extensions.swift */,
				714C855A207485A80083FDAC /* FirebaseHelper.swift */,
			);
			path = Helpers;
			sourceTree = "<group>";
		};
		ADB166C9F10C1D95B28917E9 /* Pods */ = {
			isa = PBXGroup;
			children = (
				59A4FAEF016A4F2EFE4760EA /* Pods-Gameday-V2.debug.xcconfig */,
				9EB319C79EB84D7D349E9898 /* Pods-Gameday-V2.release.xcconfig */,
				CB2732358B6805BF1FCB4306 /* Pods-Gameday-V2Tests.debug.xcconfig */,
				041155903AAE88983025195D /* Pods-Gameday-V2Tests.release.xcconfig */,
				CD8248C263E5720D903E7795 /* Pods-Gameday-V2UITests.debug.xcconfig */,
				7F1D1D1E60947701FB205E1A /* Pods-Gameday-V2UITests.release.xcconfig */,
			);
			name = Pods;
			sourceTree = "<group>";
		};
/* End PBXGroup section */

/* Begin PBXNativeTarget section */
		656FF12520706C6F00D5831D /* Gameday-V2 */ = {
			isa = PBXNativeTarget;
			buildConfigurationList = 656FF14E20706C7000D5831D /* Build configuration list for PBXNativeTarget "Gameday-V2" */;
			buildPhases = (
				629F9CD22B96D674EC54F0C3 /* [CP] Check Pods Manifest.lock */,
				656FF12220706C6F00D5831D /* Sources */,
				656FF12320706C6F00D5831D /* Frameworks */,
				656FF12420706C6F00D5831D /* Resources */,
				CEC464D75D9F7419545BA325 /* [CP] Embed Pods Frameworks */,
				E8D7D88609E55DE060A4943D /* [CP] Copy Pods Resources */,
			);
			buildRules = (
			);
			dependencies = (
			);
			name = "Gameday-V2";
			productName = "Gameday-V2";
			productReference = 656FF12620706C6F00D5831D /* Gameday-V2.app */;
			productType = "com.apple.product-type.application";
		};
		656FF13920706C7000D5831D /* Gameday-V2Tests */ = {
			isa = PBXNativeTarget;
			buildConfigurationList = 656FF15120706C7000D5831D /* Build configuration list for PBXNativeTarget "Gameday-V2Tests" */;
			buildPhases = (
				8B87C81D92DACA92B5538811 /* [CP] Check Pods Manifest.lock */,
				656FF13620706C7000D5831D /* Sources */,
				656FF13720706C7000D5831D /* Frameworks */,
				656FF13820706C7000D5831D /* Resources */,
			);
			buildRules = (
			);
			dependencies = (
				656FF13C20706C7000D5831D /* PBXTargetDependency */,
			);
			name = "Gameday-V2Tests";
			productName = "Gameday-V2Tests";
			productReference = 656FF13A20706C7000D5831D /* Gameday-V2Tests.xctest */;
			productType = "com.apple.product-type.bundle.unit-test";
		};
		656FF14420706C7000D5831D /* Gameday-V2UITests */ = {
			isa = PBXNativeTarget;
			buildConfigurationList = 656FF15420706C7000D5831D /* Build configuration list for PBXNativeTarget "Gameday-V2UITests" */;
			buildPhases = (
				764035AF0A6BB833986ACA7F /* [CP] Check Pods Manifest.lock */,
				656FF14120706C7000D5831D /* Sources */,
				656FF14220706C7000D5831D /* Frameworks */,
				656FF14320706C7000D5831D /* Resources */,
			);
			buildRules = (
			);
			dependencies = (
				656FF14720706C7000D5831D /* PBXTargetDependency */,
			);
			name = "Gameday-V2UITests";
			productName = "Gameday-V2UITests";
			productReference = 656FF14520706C7000D5831D /* Gameday-V2UITests.xctest */;
			productType = "com.apple.product-type.bundle.ui-testing";
		};
/* End PBXNativeTarget section */

/* Begin PBXProject section */
		656FF11E20706C6F00D5831D /* Project object */ = {
			isa = PBXProject;
			attributes = {
				LastSwiftUpdateCheck = 0930;
				LastUpgradeCheck = 0930;
				ORGANIZATIONNAME = "Daniel Tian";
				TargetAttributes = {
					656FF12520706C6F00D5831D = {
						CreatedOnToolsVersion = 9.3;
					};
					656FF13920706C7000D5831D = {
						CreatedOnToolsVersion = 9.3;
						TestTargetID = 656FF12520706C6F00D5831D;
					};
					656FF14420706C7000D5831D = {
						CreatedOnToolsVersion = 9.3;
						TestTargetID = 656FF12520706C6F00D5831D;
					};
				};
			};
			buildConfigurationList = 656FF12120706C6F00D5831D /* Build configuration list for PBXProject "Gameday-V2" */;
			compatibilityVersion = "Xcode 9.3";
			developmentRegion = en;
			hasScannedForEncodings = 0;
			knownRegions = (
				en,
				Base,
			);
			mainGroup = 656FF11D20706C6F00D5831D;
			productRefGroup = 656FF12720706C6F00D5831D /* Products */;
			projectDirPath = "";
			projectRoot = "";
			targets = (
				656FF12520706C6F00D5831D /* Gameday-V2 */,
				656FF13920706C7000D5831D /* Gameday-V2Tests */,
				656FF14420706C7000D5831D /* Gameday-V2UITests */,
			);
		};
/* End PBXProject section */

/* Begin PBXResourcesBuildPhase section */
		656FF12420706C6F00D5831D /* Resources */ = {
			isa = PBXResourcesBuildPhase;
			buildActionMask = 2147483647;
			files = (
				656FF13420706C7000D5831D /* LaunchScreen.storyboard in Resources */,
				712565B5207A12350068AF02 /* CalendarView.xib in Resources */,
				65A57B21207179C100E2F8C1 /* GoogleService-Info.plist in Resources */,
				656FF13120706C7000D5831D /* Assets.xcassets in Resources */,
				656FF12F20706C6F00D5831D /* Main.storyboard in Resources */,
				712565B8207A12480068AF02 /* CalendarCell.xib in Resources */,
			);
			runOnlyForDeploymentPostprocessing = 0;
		};
		656FF13820706C7000D5831D /* Resources */ = {
			isa = PBXResourcesBuildPhase;
			buildActionMask = 2147483647;
			files = (
			);
			runOnlyForDeploymentPostprocessing = 0;
		};
		656FF14320706C7000D5831D /* Resources */ = {
			isa = PBXResourcesBuildPhase;
			buildActionMask = 2147483647;
			files = (
			);
			runOnlyForDeploymentPostprocessing = 0;
		};
/* End PBXResourcesBuildPhase section */

/* Begin PBXShellScriptBuildPhase section */
		629F9CD22B96D674EC54F0C3 /* [CP] Check Pods Manifest.lock */ = {
			isa = PBXShellScriptBuildPhase;
			buildActionMask = 2147483647;
			files = (
			);
			inputPaths = (
				"${PODS_PODFILE_DIR_PATH}/Podfile.lock",
				"${PODS_ROOT}/Manifest.lock",
			);
			name = "[CP] Check Pods Manifest.lock";
			outputPaths = (
				"$(DERIVED_FILE_DIR)/Pods-Gameday-V2-checkManifestLockResult.txt",
			);
			runOnlyForDeploymentPostprocessing = 0;
			shellPath = /bin/sh;
			shellScript = "diff \"${PODS_PODFILE_DIR_PATH}/Podfile.lock\" \"${PODS_ROOT}/Manifest.lock\" > /dev/null\nif [ $? != 0 ] ; then\n    # print error to STDERR\n    echo \"error: The sandbox is not in sync with the Podfile.lock. Run 'pod install' or update your CocoaPods installation.\" >&2\n    exit 1\nfi\n# This output is used by Xcode 'outputs' to avoid re-running this script phase.\necho \"SUCCESS\" > \"${SCRIPT_OUTPUT_FILE_0}\"\n";
			showEnvVarsInLog = 0;
		};
		764035AF0A6BB833986ACA7F /* [CP] Check Pods Manifest.lock */ = {
			isa = PBXShellScriptBuildPhase;
			buildActionMask = 2147483647;
			files = (
			);
			inputPaths = (
				"${PODS_PODFILE_DIR_PATH}/Podfile.lock",
				"${PODS_ROOT}/Manifest.lock",
			);
			name = "[CP] Check Pods Manifest.lock";
			outputPaths = (
				"$(DERIVED_FILE_DIR)/Pods-Gameday-V2UITests-checkManifestLockResult.txt",
			);
			runOnlyForDeploymentPostprocessing = 0;
			shellPath = /bin/sh;
			shellScript = "diff \"${PODS_PODFILE_DIR_PATH}/Podfile.lock\" \"${PODS_ROOT}/Manifest.lock\" > /dev/null\nif [ $? != 0 ] ; then\n    # print error to STDERR\n    echo \"error: The sandbox is not in sync with the Podfile.lock. Run 'pod install' or update your CocoaPods installation.\" >&2\n    exit 1\nfi\n# This output is used by Xcode 'outputs' to avoid re-running this script phase.\necho \"SUCCESS\" > \"${SCRIPT_OUTPUT_FILE_0}\"\n";
			showEnvVarsInLog = 0;
		};
		8B87C81D92DACA92B5538811 /* [CP] Check Pods Manifest.lock */ = {
			isa = PBXShellScriptBuildPhase;
			buildActionMask = 2147483647;
			files = (
			);
			inputPaths = (
				"${PODS_PODFILE_DIR_PATH}/Podfile.lock",
				"${PODS_ROOT}/Manifest.lock",
			);
			name = "[CP] Check Pods Manifest.lock";
			outputPaths = (
				"$(DERIVED_FILE_DIR)/Pods-Gameday-V2Tests-checkManifestLockResult.txt",
			);
			runOnlyForDeploymentPostprocessing = 0;
			shellPath = /bin/sh;
			shellScript = "diff \"${PODS_PODFILE_DIR_PATH}/Podfile.lock\" \"${PODS_ROOT}/Manifest.lock\" > /dev/null\nif [ $? != 0 ] ; then\n    # print error to STDERR\n    echo \"error: The sandbox is not in sync with the Podfile.lock. Run 'pod install' or update your CocoaPods installation.\" >&2\n    exit 1\nfi\n# This output is used by Xcode 'outputs' to avoid re-running this script phase.\necho \"SUCCESS\" > \"${SCRIPT_OUTPUT_FILE_0}\"\n";
			showEnvVarsInLog = 0;
		};
		CEC464D75D9F7419545BA325 /* [CP] Embed Pods Frameworks */ = {
			isa = PBXShellScriptBuildPhase;
			buildActionMask = 2147483647;
			files = (
			);
			inputPaths = (
				"${SRCROOT}/Pods/Target Support Files/Pods-Gameday-V2/Pods-Gameday-V2-frameworks.sh",
				"${BUILT_PRODUCTS_DIR}/BoringSSL/openssl.framework",
				"${BUILT_PRODUCTS_DIR}/DateToolsSwift/DateToolsSwift.framework",
				"${BUILT_PRODUCTS_DIR}/GTMOAuth2/GTMOAuth2.framework",
				"${BUILT_PRODUCTS_DIR}/GTMSessionFetcher/GTMSessionFetcher.framework",
				"${BUILT_PRODUCTS_DIR}/GoogleToolboxForMac/GoogleToolboxForMac.framework",
				"${BUILT_PRODUCTS_DIR}/JTAppleCalendar/JTAppleCalendar.framework",
				"${BUILT_PRODUCTS_DIR}/MarqueeLabel/MarqueeLabel.framework",
				"${BUILT_PRODUCTS_DIR}/NSObject+Rx/NSObject_Rx.framework",
				"${BUILT_PRODUCTS_DIR}/NotificationBannerSwift/NotificationBannerSwift.framework",
				"${BUILT_PRODUCTS_DIR}/Nuke/Nuke.framework",
				"${BUILT_PRODUCTS_DIR}/ObjectMapper/ObjectMapper.framework",
				"${BUILT_PRODUCTS_DIR}/Popover/Popover.framework",
				"${BUILT_PRODUCTS_DIR}/Protobuf/Protobuf.framework",
				"${BUILT_PRODUCTS_DIR}/RxCocoa/RxCocoa.framework",
				"${BUILT_PRODUCTS_DIR}/RxSwift/RxSwift.framework",
				"${BUILT_PRODUCTS_DIR}/SVProgressHUD/SVProgressHUD.framework",
				"${BUILT_PRODUCTS_DIR}/SnapKit/SnapKit.framework",
				"${BUILT_PRODUCTS_DIR}/SwiftyPickerPopover/SwiftyPickerPopover.framework",
				"${BUILT_PRODUCTS_DIR}/gRPC/GRPCClient.framework",
				"${BUILT_PRODUCTS_DIR}/gRPC-Core/grpc.framework",
				"${BUILT_PRODUCTS_DIR}/gRPC-ProtoRPC/ProtoRPC.framework",
				"${BUILT_PRODUCTS_DIR}/gRPC-RxLibrary/RxLibrary.framework",
				"${BUILT_PRODUCTS_DIR}/leveldb-library/leveldb.framework",
				"${BUILT_PRODUCTS_DIR}/nanopb/nanopb.framework",
			);
			name = "[CP] Embed Pods Frameworks";
			outputPaths = (
				"${TARGET_BUILD_DIR}/${FRAMEWORKS_FOLDER_PATH}/openssl.framework",
				"${TARGET_BUILD_DIR}/${FRAMEWORKS_FOLDER_PATH}/DateToolsSwift.framework",
				"${TARGET_BUILD_DIR}/${FRAMEWORKS_FOLDER_PATH}/GTMOAuth2.framework",
				"${TARGET_BUILD_DIR}/${FRAMEWORKS_FOLDER_PATH}/GTMSessionFetcher.framework",
				"${TARGET_BUILD_DIR}/${FRAMEWORKS_FOLDER_PATH}/GoogleToolboxForMac.framework",
				"${TARGET_BUILD_DIR}/${FRAMEWORKS_FOLDER_PATH}/JTAppleCalendar.framework",
				"${TARGET_BUILD_DIR}/${FRAMEWORKS_FOLDER_PATH}/MarqueeLabel.framework",
				"${TARGET_BUILD_DIR}/${FRAMEWORKS_FOLDER_PATH}/NSObject_Rx.framework",
				"${TARGET_BUILD_DIR}/${FRAMEWORKS_FOLDER_PATH}/NotificationBannerSwift.framework",
				"${TARGET_BUILD_DIR}/${FRAMEWORKS_FOLDER_PATH}/Nuke.framework",
				"${TARGET_BUILD_DIR}/${FRAMEWORKS_FOLDER_PATH}/ObjectMapper.framework",
				"${TARGET_BUILD_DIR}/${FRAMEWORKS_FOLDER_PATH}/Popover.framework",
				"${TARGET_BUILD_DIR}/${FRAMEWORKS_FOLDER_PATH}/Protobuf.framework",
				"${TARGET_BUILD_DIR}/${FRAMEWORKS_FOLDER_PATH}/RxCocoa.framework",
				"${TARGET_BUILD_DIR}/${FRAMEWORKS_FOLDER_PATH}/RxSwift.framework",
				"${TARGET_BUILD_DIR}/${FRAMEWORKS_FOLDER_PATH}/SVProgressHUD.framework",
				"${TARGET_BUILD_DIR}/${FRAMEWORKS_FOLDER_PATH}/SnapKit.framework",
				"${TARGET_BUILD_DIR}/${FRAMEWORKS_FOLDER_PATH}/SwiftyPickerPopover.framework",
				"${TARGET_BUILD_DIR}/${FRAMEWORKS_FOLDER_PATH}/GRPCClient.framework",
				"${TARGET_BUILD_DIR}/${FRAMEWORKS_FOLDER_PATH}/grpc.framework",
				"${TARGET_BUILD_DIR}/${FRAMEWORKS_FOLDER_PATH}/ProtoRPC.framework",
				"${TARGET_BUILD_DIR}/${FRAMEWORKS_FOLDER_PATH}/RxLibrary.framework",
				"${TARGET_BUILD_DIR}/${FRAMEWORKS_FOLDER_PATH}/leveldb.framework",
				"${TARGET_BUILD_DIR}/${FRAMEWORKS_FOLDER_PATH}/nanopb.framework",
			);
			runOnlyForDeploymentPostprocessing = 0;
			shellPath = /bin/sh;
			shellScript = "\"${SRCROOT}/Pods/Target Support Files/Pods-Gameday-V2/Pods-Gameday-V2-frameworks.sh\"\n";
			showEnvVarsInLog = 0;
		};
		E8D7D88609E55DE060A4943D /* [CP] Copy Pods Resources */ = {
			isa = PBXShellScriptBuildPhase;
			buildActionMask = 2147483647;
			files = (
			);
			inputPaths = (
				"${SRCROOT}/Pods/Target Support Files/Pods-Gameday-V2/Pods-Gameday-V2-resources.sh",
				"${PODS_ROOT}/GoogleSignIn/Resources/GoogleSignIn.bundle",
			);
			name = "[CP] Copy Pods Resources";
			outputPaths = (
				"${TARGET_BUILD_DIR}/${UNLOCALIZED_RESOURCES_FOLDER_PATH}/GoogleSignIn.bundle",
			);
			runOnlyForDeploymentPostprocessing = 0;
			shellPath = /bin/sh;
			shellScript = "\"${SRCROOT}/Pods/Target Support Files/Pods-Gameday-V2/Pods-Gameday-V2-resources.sh\"\n";
			showEnvVarsInLog = 0;
		};
/* End PBXShellScriptBuildPhase section */

/* Begin PBXSourcesBuildPhase section */
		656FF12220706C6F00D5831D /* Sources */ = {
			isa = PBXSourcesBuildPhase;
			buildActionMask = 2147483647;
			files = (
				65A57B1D20715DD800E2F8C1 /* Checkbox.swift in Sources */,
				654632372070898900C9C763 /* SportsGame.swift in Sources */,
				714C855B207485A80083FDAC /* FirebaseHelper.swift in Sources */,
				65A57B1F2071667A00E2F8C1 /* GameTableViewCell.swift in Sources */,
				65E2390E20710AB9004A5FFE /* SignInOptionsViewController.swift in Sources */,
				712565BB207A12760068AF02 /* CalendarView.swift in Sources */,
				65A57B2320717D0300E2F8C1 /* SignUpViewController.swift in Sources */,
				654632322070834C00C9C763 /* CreateGameViewController.swift in Sources */,
				65B178922071B7C400B35549 /* UserService.swift in Sources */,
				656FF12C20706C6F00D5831D /* HomeViewController.swift in Sources */,
				65C86908207959DF006F62D8 /* MainTabBarViewController.swift in Sources */,
				712565BD207A12DE0068AF02 /* CalendarCell.swift in Sources */,
				6579EFFB20727B7900D98D85 /* ImageService.swift in Sources */,
				71F51DF120747FEF00F35FAA /* RxFirestore.swift in Sources */,
				714C855F207494690083FDAC /* TeamModel.swift in Sources */,
				65136BC920785AE4008D3011 /* FansTableViewController.swift in Sources */,
				656FF12A20706C6F00D5831D /* AppDelegate.swift in Sources */,
				65B178902071B77300B35549 /* UserProfile.swift in Sources */,
				654632352070897700C9C763 /* SearchTextField.swift in Sources */,
				65B178942071DD0E00B35549 /* DetailsViewController.swift in Sources */,
				714C855D20748F7D0083FDAC /* GamePostModel.swift in Sources */,
				71F51DF32074801C00F35FAA /* Extensions.swift in Sources */,
				65E2391020715021004A5FFE /* DateUtil.swift in Sources */,
				714C8559207485320083FDAC /* UserModel.swift in Sources */,
				65A57B25207187C100E2F8C1 /* AccountViewController.swift in Sources */,
			);
			runOnlyForDeploymentPostprocessing = 0;
		};
		656FF13620706C7000D5831D /* Sources */ = {
			isa = PBXSourcesBuildPhase;
			buildActionMask = 2147483647;
			files = (
				656FF13F20706C7000D5831D /* Gameday_V2Tests.swift in Sources */,
			);
			runOnlyForDeploymentPostprocessing = 0;
		};
		656FF14120706C7000D5831D /* Sources */ = {
			isa = PBXSourcesBuildPhase;
			buildActionMask = 2147483647;
			files = (
				656FF14A20706C7000D5831D /* Gameday_V2UITests.swift in Sources */,
			);
			runOnlyForDeploymentPostprocessing = 0;
		};
/* End PBXSourcesBuildPhase section */

/* Begin PBXTargetDependency section */
		656FF13C20706C7000D5831D /* PBXTargetDependency */ = {
			isa = PBXTargetDependency;
			target = 656FF12520706C6F00D5831D /* Gameday-V2 */;
			targetProxy = 656FF13B20706C7000D5831D /* PBXContainerItemProxy */;
		};
		656FF14720706C7000D5831D /* PBXTargetDependency */ = {
			isa = PBXTargetDependency;
			target = 656FF12520706C6F00D5831D /* Gameday-V2 */;
			targetProxy = 656FF14620706C7000D5831D /* PBXContainerItemProxy */;
		};
/* End PBXTargetDependency section */

/* Begin PBXVariantGroup section */
		656FF12D20706C6F00D5831D /* Main.storyboard */ = {
			isa = PBXVariantGroup;
			children = (
				656FF12E20706C6F00D5831D /* Base */,
			);
			name = Main.storyboard;
			sourceTree = "<group>";
		};
		656FF13220706C7000D5831D /* LaunchScreen.storyboard */ = {
			isa = PBXVariantGroup;
			children = (
				656FF13320706C7000D5831D /* Base */,
			);
			name = LaunchScreen.storyboard;
			sourceTree = "<group>";
		};
/* End PBXVariantGroup section */

/* Begin XCBuildConfiguration section */
		656FF14C20706C7000D5831D /* Debug */ = {
			isa = XCBuildConfiguration;
			buildSettings = {
				ALWAYS_SEARCH_USER_PATHS = NO;
				CLANG_ANALYZER_NONNULL = YES;
				CLANG_ANALYZER_NUMBER_OBJECT_CONVERSION = YES_AGGRESSIVE;
				CLANG_CXX_LANGUAGE_STANDARD = "gnu++14";
				CLANG_CXX_LIBRARY = "libc++";
				CLANG_ENABLE_MODULES = YES;
				CLANG_ENABLE_OBJC_ARC = YES;
				CLANG_ENABLE_OBJC_WEAK = YES;
				CLANG_WARN_BLOCK_CAPTURE_AUTORELEASING = YES;
				CLANG_WARN_BOOL_CONVERSION = YES;
				CLANG_WARN_COMMA = YES;
				CLANG_WARN_CONSTANT_CONVERSION = YES;
				CLANG_WARN_DEPRECATED_OBJC_IMPLEMENTATIONS = YES;
				CLANG_WARN_DIRECT_OBJC_ISA_USAGE = YES_ERROR;
				CLANG_WARN_DOCUMENTATION_COMMENTS = YES;
				CLANG_WARN_EMPTY_BODY = YES;
				CLANG_WARN_ENUM_CONVERSION = YES;
				CLANG_WARN_INFINITE_RECURSION = YES;
				CLANG_WARN_INT_CONVERSION = YES;
				CLANG_WARN_NON_LITERAL_NULL_CONVERSION = YES;
				CLANG_WARN_OBJC_IMPLICIT_RETAIN_SELF = YES;
				CLANG_WARN_OBJC_LITERAL_CONVERSION = YES;
				CLANG_WARN_OBJC_ROOT_CLASS = YES_ERROR;
				CLANG_WARN_RANGE_LOOP_ANALYSIS = YES;
				CLANG_WARN_STRICT_PROTOTYPES = YES;
				CLANG_WARN_SUSPICIOUS_MOVE = YES;
				CLANG_WARN_UNGUARDED_AVAILABILITY = YES_AGGRESSIVE;
				CLANG_WARN_UNREACHABLE_CODE = YES;
				CLANG_WARN__DUPLICATE_METHOD_MATCH = YES;
				CODE_SIGN_IDENTITY = "iPhone Developer";
				COPY_PHASE_STRIP = NO;
				DEBUG_INFORMATION_FORMAT = dwarf;
				ENABLE_STRICT_OBJC_MSGSEND = YES;
				ENABLE_TESTABILITY = YES;
				GCC_C_LANGUAGE_STANDARD = gnu11;
				GCC_DYNAMIC_NO_PIC = NO;
				GCC_NO_COMMON_BLOCKS = YES;
				GCC_OPTIMIZATION_LEVEL = 0;
				GCC_PREPROCESSOR_DEFINITIONS = (
					"DEBUG=1",
					"$(inherited)",
				);
				GCC_WARN_64_TO_32_BIT_CONVERSION = YES;
				GCC_WARN_ABOUT_RETURN_TYPE = YES_ERROR;
				GCC_WARN_UNDECLARED_SELECTOR = YES;
				GCC_WARN_UNINITIALIZED_AUTOS = YES_AGGRESSIVE;
				GCC_WARN_UNUSED_FUNCTION = YES;
				GCC_WARN_UNUSED_VARIABLE = YES;
				IPHONEOS_DEPLOYMENT_TARGET = 11.3;
				MTL_ENABLE_DEBUG_INFO = YES;
				ONLY_ACTIVE_ARCH = YES;
				SDKROOT = iphoneos;
				SWIFT_ACTIVE_COMPILATION_CONDITIONS = DEBUG;
				SWIFT_OPTIMIZATION_LEVEL = "-Onone";
			};
			name = Debug;
		};
		656FF14D20706C7000D5831D /* Release */ = {
			isa = XCBuildConfiguration;
			buildSettings = {
				ALWAYS_SEARCH_USER_PATHS = NO;
				CLANG_ANALYZER_NONNULL = YES;
				CLANG_ANALYZER_NUMBER_OBJECT_CONVERSION = YES_AGGRESSIVE;
				CLANG_CXX_LANGUAGE_STANDARD = "gnu++14";
				CLANG_CXX_LIBRARY = "libc++";
				CLANG_ENABLE_MODULES = YES;
				CLANG_ENABLE_OBJC_ARC = YES;
				CLANG_ENABLE_OBJC_WEAK = YES;
				CLANG_WARN_BLOCK_CAPTURE_AUTORELEASING = YES;
				CLANG_WARN_BOOL_CONVERSION = YES;
				CLANG_WARN_COMMA = YES;
				CLANG_WARN_CONSTANT_CONVERSION = YES;
				CLANG_WARN_DEPRECATED_OBJC_IMPLEMENTATIONS = YES;
				CLANG_WARN_DIRECT_OBJC_ISA_USAGE = YES_ERROR;
				CLANG_WARN_DOCUMENTATION_COMMENTS = YES;
				CLANG_WARN_EMPTY_BODY = YES;
				CLANG_WARN_ENUM_CONVERSION = YES;
				CLANG_WARN_INFINITE_RECURSION = YES;
				CLANG_WARN_INT_CONVERSION = YES;
				CLANG_WARN_NON_LITERAL_NULL_CONVERSION = YES;
				CLANG_WARN_OBJC_IMPLICIT_RETAIN_SELF = YES;
				CLANG_WARN_OBJC_LITERAL_CONVERSION = YES;
				CLANG_WARN_OBJC_ROOT_CLASS = YES_ERROR;
				CLANG_WARN_RANGE_LOOP_ANALYSIS = YES;
				CLANG_WARN_STRICT_PROTOTYPES = YES;
				CLANG_WARN_SUSPICIOUS_MOVE = YES;
				CLANG_WARN_UNGUARDED_AVAILABILITY = YES_AGGRESSIVE;
				CLANG_WARN_UNREACHABLE_CODE = YES;
				CLANG_WARN__DUPLICATE_METHOD_MATCH = YES;
				CODE_SIGN_IDENTITY = "iPhone Developer";
				COPY_PHASE_STRIP = NO;
				DEBUG_INFORMATION_FORMAT = "dwarf-with-dsym";
				ENABLE_NS_ASSERTIONS = NO;
				ENABLE_STRICT_OBJC_MSGSEND = YES;
				GCC_C_LANGUAGE_STANDARD = gnu11;
				GCC_NO_COMMON_BLOCKS = YES;
				GCC_WARN_64_TO_32_BIT_CONVERSION = YES;
				GCC_WARN_ABOUT_RETURN_TYPE = YES_ERROR;
				GCC_WARN_UNDECLARED_SELECTOR = YES;
				GCC_WARN_UNINITIALIZED_AUTOS = YES_AGGRESSIVE;
				GCC_WARN_UNUSED_FUNCTION = YES;
				GCC_WARN_UNUSED_VARIABLE = YES;
				IPHONEOS_DEPLOYMENT_TARGET = 11.3;
				MTL_ENABLE_DEBUG_INFO = NO;
				SDKROOT = iphoneos;
				SWIFT_COMPILATION_MODE = wholemodule;
				SWIFT_OPTIMIZATION_LEVEL = "-O";
				VALIDATE_PRODUCT = YES;
			};
			name = Release;
		};
		656FF14F20706C7000D5831D /* Debug */ = {
			isa = XCBuildConfiguration;
			baseConfigurationReference = 59A4FAEF016A4F2EFE4760EA /* Pods-Gameday-V2.debug.xcconfig */;
			buildSettings = {
				ASSETCATALOG_COMPILER_APPICON_NAME = AppIcon;
				CODE_SIGN_STYLE = Automatic;
				DEVELOPMENT_TEAM = 8UC7TC45S2;
				INFOPLIST_FILE = "Gameday-V2/Info.plist";
				IPHONEOS_DEPLOYMENT_TARGET = 11.0;
				LD_RUNPATH_SEARCH_PATHS = (
					"$(inherited)",
					"@executable_path/Frameworks",
				);
				PRODUCT_BUNDLE_IDENTIFIER = "com.gameday.Gameday-V2";
				PRODUCT_NAME = "$(TARGET_NAME)";
				SWIFT_VERSION = 4.0;
				TARGETED_DEVICE_FAMILY = "1,2";
			};
			name = Debug;
		};
		656FF15020706C7000D5831D /* Release */ = {
			isa = XCBuildConfiguration;
			baseConfigurationReference = 9EB319C79EB84D7D349E9898 /* Pods-Gameday-V2.release.xcconfig */;
			buildSettings = {
				ASSETCATALOG_COMPILER_APPICON_NAME = AppIcon;
				CODE_SIGN_STYLE = Automatic;
				DEVELOPMENT_TEAM = 8UC7TC45S2;
				INFOPLIST_FILE = "Gameday-V2/Info.plist";
				IPHONEOS_DEPLOYMENT_TARGET = 11.0;
				LD_RUNPATH_SEARCH_PATHS = (
					"$(inherited)",
					"@executable_path/Frameworks",
				);
				PRODUCT_BUNDLE_IDENTIFIER = "com.gameday.Gameday-V2";
				PRODUCT_NAME = "$(TARGET_NAME)";
				SWIFT_VERSION = 4.0;
				TARGETED_DEVICE_FAMILY = "1,2";
			};
			name = Release;
		};
		656FF15220706C7000D5831D /* Debug */ = {
			isa = XCBuildConfiguration;
			baseConfigurationReference = CB2732358B6805BF1FCB4306 /* Pods-Gameday-V2Tests.debug.xcconfig */;
			buildSettings = {
				ALWAYS_EMBED_SWIFT_STANDARD_LIBRARIES = YES;
				BUNDLE_LOADER = "$(TEST_HOST)";
				CODE_SIGN_STYLE = Automatic;
				DEVELOPMENT_TEAM = 8UC7TC45S2;
				INFOPLIST_FILE = "Gameday-V2Tests/Info.plist";
				LD_RUNPATH_SEARCH_PATHS = (
					"$(inherited)",
					"@executable_path/Frameworks",
					"@loader_path/Frameworks",
				);
				PRODUCT_BUNDLE_IDENTIFIER = "com.danieltian.Gameday-V2Tests";
				PRODUCT_NAME = "$(TARGET_NAME)";
				SWIFT_VERSION = 4.0;
				TARGETED_DEVICE_FAMILY = "1,2";
				TEST_HOST = "$(BUILT_PRODUCTS_DIR)/Gameday-V2.app/Gameday-V2";
			};
			name = Debug;
		};
		656FF15320706C7000D5831D /* Release */ = {
			isa = XCBuildConfiguration;
			baseConfigurationReference = 041155903AAE88983025195D /* Pods-Gameday-V2Tests.release.xcconfig */;
			buildSettings = {
				ALWAYS_EMBED_SWIFT_STANDARD_LIBRARIES = YES;
				BUNDLE_LOADER = "$(TEST_HOST)";
				CODE_SIGN_STYLE = Automatic;
				DEVELOPMENT_TEAM = 8UC7TC45S2;
				INFOPLIST_FILE = "Gameday-V2Tests/Info.plist";
				LD_RUNPATH_SEARCH_PATHS = (
					"$(inherited)",
					"@executable_path/Frameworks",
					"@loader_path/Frameworks",
				);
				PRODUCT_BUNDLE_IDENTIFIER = "com.danieltian.Gameday-V2Tests";
				PRODUCT_NAME = "$(TARGET_NAME)";
				SWIFT_VERSION = 4.0;
				TARGETED_DEVICE_FAMILY = "1,2";
				TEST_HOST = "$(BUILT_PRODUCTS_DIR)/Gameday-V2.app/Gameday-V2";
			};
			name = Release;
		};
		656FF15520706C7000D5831D /* Debug */ = {
			isa = XCBuildConfiguration;
			baseConfigurationReference = CD8248C263E5720D903E7795 /* Pods-Gameday-V2UITests.debug.xcconfig */;
			buildSettings = {
				ALWAYS_EMBED_SWIFT_STANDARD_LIBRARIES = YES;
				CODE_SIGN_STYLE = Automatic;
				DEVELOPMENT_TEAM = 8UC7TC45S2;
				INFOPLIST_FILE = "Gameday-V2UITests/Info.plist";
				LD_RUNPATH_SEARCH_PATHS = (
					"$(inherited)",
					"@executable_path/Frameworks",
					"@loader_path/Frameworks",
				);
				PRODUCT_BUNDLE_IDENTIFIER = "com.danieltian.Gameday-V2UITests";
				PRODUCT_NAME = "$(TARGET_NAME)";
				SWIFT_VERSION = 4.0;
				TARGETED_DEVICE_FAMILY = "1,2";
				TEST_TARGET_NAME = "Gameday-V2";
			};
			name = Debug;
		};
		656FF15620706C7000D5831D /* Release */ = {
			isa = XCBuildConfiguration;
			baseConfigurationReference = 7F1D1D1E60947701FB205E1A /* Pods-Gameday-V2UITests.release.xcconfig */;
			buildSettings = {
				ALWAYS_EMBED_SWIFT_STANDARD_LIBRARIES = YES;
				CODE_SIGN_STYLE = Automatic;
				DEVELOPMENT_TEAM = 8UC7TC45S2;
				INFOPLIST_FILE = "Gameday-V2UITests/Info.plist";
				LD_RUNPATH_SEARCH_PATHS = (
					"$(inherited)",
					"@executable_path/Frameworks",
					"@loader_path/Frameworks",
				);
				PRODUCT_BUNDLE_IDENTIFIER = "com.danieltian.Gameday-V2UITests";
				PRODUCT_NAME = "$(TARGET_NAME)";
				SWIFT_VERSION = 4.0;
				TARGETED_DEVICE_FAMILY = "1,2";
				TEST_TARGET_NAME = "Gameday-V2";
			};
			name = Release;
		};
/* End XCBuildConfiguration section */

/* Begin XCConfigurationList section */
		656FF12120706C6F00D5831D /* Build configuration list for PBXProject "Gameday-V2" */ = {
			isa = XCConfigurationList;
			buildConfigurations = (
				656FF14C20706C7000D5831D /* Debug */,
				656FF14D20706C7000D5831D /* Release */,
			);
			defaultConfigurationIsVisible = 0;
			defaultConfigurationName = Release;
		};
		656FF14E20706C7000D5831D /* Build configuration list for PBXNativeTarget "Gameday-V2" */ = {
			isa = XCConfigurationList;
			buildConfigurations = (
				656FF14F20706C7000D5831D /* Debug */,
				656FF15020706C7000D5831D /* Release */,
			);
			defaultConfigurationIsVisible = 0;
			defaultConfigurationName = Release;
		};
		656FF15120706C7000D5831D /* Build configuration list for PBXNativeTarget "Gameday-V2Tests" */ = {
			isa = XCConfigurationList;
			buildConfigurations = (
				656FF15220706C7000D5831D /* Debug */,
				656FF15320706C7000D5831D /* Release */,
			);
			defaultConfigurationIsVisible = 0;
			defaultConfigurationName = Release;
		};
		656FF15420706C7000D5831D /* Build configuration list for PBXNativeTarget "Gameday-V2UITests" */ = {
			isa = XCConfigurationList;
			buildConfigurations = (
				656FF15520706C7000D5831D /* Debug */,
				656FF15620706C7000D5831D /* Release */,
			);
			defaultConfigurationIsVisible = 0;
			defaultConfigurationName = Release;
		};
/* End XCConfigurationList section */
	};
	rootObject = 656FF11E20706C6F00D5831D /* Project object */;
}
